
Microsoft Visual Studio Solution File, Format Version 12.00
# Visual Studio 2013
Project("{FAE04EC0-301F-11D3-BF4B-00C04F79EFBC}") = "Beach_Wars.CSharp.Plugins", "Beach_Wars.CSharp.Plugins.csproj", "{56F4DF74-1ADA-0ACF-C130-865C2EF5F6B4}"
EndProject
Project("{FAE04EC0-301F-11D3-BF4B-00C04F79EFBC}") = "Beach_Wars.CSharp", "Beach_Wars.CSharp.csproj", "{518CDCB6-3B55-E46A-4F31-AA13DDCAAABF}"
EndProject
Project("{FAE04EC0-301F-11D3-BF4B-00C04F79EFBC}") = "Beach_Wars.CSharp.Editor", "Beach_Wars.CSharp.Editor.csproj", "{6C0C873C-8C4E-4298-7BBA-6FA0006CF128}"
EndProject
Global
	GlobalSection(SolutionConfigurationPlatforms) = preSolution
		Debug|Any CPU = Debug|Any CPU
		Release|Any CPU = Release|Any CPU
	EndGlobalSection
	GlobalSection(ProjectConfigurationPlatforms) = postSolution
		{56F4DF74-1ADA-0ACF-C130-865C2EF5F6B4}.Debug|Any CPU.ActiveCfg = Debug|Any CPU
		{56F4DF74-1ADA-0ACF-C130-865C2EF5F6B4}.Debug|Any CPU.Build.0 = Debug|Any CPU
		{56F4DF74-1ADA-0ACF-C130-865C2EF5F6B4}.Release|Any CPU.ActiveCfg = Release|Any CPU
		{56F4DF74-1ADA-0ACF-C130-865C2EF5F6B4}.Release|Any CPU.Build.0 = Release|Any CPU
		{518CDCB6-3B55-E46A-4F31-AA13DDCAAABF}.Debug|Any CPU.ActiveCfg = Debug|Any CPU
		{518CDCB6-3B55-E46A-4F31-AA13DDCAAABF}.Debug|Any CPU.Build.0 = Debug|Any CPU
		{518CDCB6-3B55-E46A-4F31-AA13DDCAAABF}.Release|Any CPU.ActiveCfg = Release|Any CPU
		{518CDCB6-3B55-E46A-4F31-AA13DDCAAABF}.Release|Any CPU.Build.0 = Release|Any CPU
		{6C0C873C-8C4E-4298-7BBA-6FA0006CF128}.Debug|Any CPU.ActiveCfg = Debug|Any CPU
		{6C0C873C-8C4E-4298-7BBA-6FA0006CF128}.Debug|Any CPU.Build.0 = Debug|Any CPU
		{6C0C873C-8C4E-4298-7BBA-6FA0006CF128}.Release|Any CPU.ActiveCfg = Release|Any CPU
		{6C0C873C-8C4E-4298-7BBA-6FA0006CF128}.Release|Any CPU.Build.0 = Release|Any CPU
	EndGlobalSection
	GlobalSection(SolutionProperties) = preSolution
		HideSolutionNode = FALSE
	EndGlobalSection
EndGlobal
